// !$*UTF8*$!
{
	archiveVersion = 1;
	classes = {
	};
	objectVersion = 46;
	objects = {

/* Begin PBXBuildFile section */
		2DAD0621A42AB7941266BA5D /* Pods_Meetup.framework in Frameworks */ = {isa = PBXBuildFile; fileRef = D742FE69B7D4EEB96634DC46 /* Pods_Meetup.framework */; };
		672FEF3F057A44FD64CC3E55 /* Pods_MeetupServiceExtension.framework in Frameworks */ = {isa = PBXBuildFile; fileRef = 26C4535B5E414720B0411463 /* Pods_MeetupServiceExtension.framework */; };
		6AE0078C140A3A0CB84C0B5E /* Pods_MeetupTests.framework in Frameworks */ = {isa = PBXBuildFile; fileRef = 927F592170279CC504935D10 /* Pods_MeetupTests.framework */; };
		730238C8201BED1200FDE671 /* PlayerProfileViewController.swift in Sources */ = {isa = PBXBuildFile; fileRef = 730238C7201BED1200FDE671 /* PlayerProfileViewController.swift */; };
		730238CA201BEF0F00FDE671 /* PlayerProfileViewController.xib in Resources */ = {isa = PBXBuildFile; fileRef = 730238C9201BEF0F00FDE671 /* PlayerProfileViewController.xib */; };
		730460AE1DDBB9AD00CBA259 /* MapKit.framework in Frameworks */ = {isa = PBXBuildFile; fileRef = 730460AD1DDBB9AD00CBA259 /* MapKit.framework */; };
		730460B21DDBBDD300CBA259 /* CustomAnnotation.swift in Sources */ = {isa = PBXBuildFile; fileRef = 730460B11DDBBDD300CBA259 /* CustomAnnotation.swift */; };
		7314022C2011383700C3F89A /* teams.json in Resources */ = {isa = PBXBuildFile; fileRef = 7314022B2011383700C3F89A /* teams.json */; };
		7314022E201150B500C3F89A /* teams_config.json in Resources */ = {isa = PBXBuildFile; fileRef = 7314022D201150B500C3F89A /* teams_config.json */; };
		733AEE0520D31DFB007DFFE0 /* NBADataManager.swift in Sources */ = {isa = PBXBuildFile; fileRef = 733AEE0420D31DFB007DFFE0 /* NBADataManager.swift */; };
		733AEE0820D33C66007DFFE0 /* 201142_profile.json in Resources */ = {isa = PBXBuildFile; fileRef = 733AEE0720D33C66007DFFE0 /* 201142_profile.json */; };
		733AEE0A20D33D24007DFFE0 /* NBAPlayerProfile.swift in Sources */ = {isa = PBXBuildFile; fileRef = 733AEE0920D33D24007DFFE0 /* NBAPlayerProfile.swift */; };
		734299111F3378440094AC20 /* YelpTableViewCell.swift in Sources */ = {isa = PBXBuildFile; fileRef = 7342990F1F3378440094AC20 /* YelpTableViewCell.swift */; };
		734299121F3378440094AC20 /* YelpTableViewCell.xib in Resources */ = {isa = PBXBuildFile; fileRef = 734299101F3378440094AC20 /* YelpTableViewCell.xib */; };
		7346125420042D2700212FC0 /* players.json in Resources */ = {isa = PBXBuildFile; fileRef = 7346125320042D2600212FC0 /* players.json */; };
		7347D47F1F54C644005CF78E /* ChatMessageCell.swift in Sources */ = {isa = PBXBuildFile; fileRef = 7347D47E1F54C644005CF78E /* ChatMessageCell.swift */; };
		73492AC01F2BBAEB004C9C31 /* SideMenuViewController.swift in Sources */ = {isa = PBXBuildFile; fileRef = 73492ABF1F2BBAEB004C9C31 /* SideMenuViewController.swift */; };
		73492AC21F2BD38D004C9C31 /* YelpClient.swift in Sources */ = {isa = PBXBuildFile; fileRef = 73492AC11F2BD38D004C9C31 /* YelpClient.swift */; };
		73492AC41F2BDA60004C9C31 /* YelpBusiness.swift in Sources */ = {isa = PBXBuildFile; fileRef = 73492AC31F2BDA60004C9C31 /* YelpBusiness.swift */; };
		734C262E1F44C8EC000EB09B /* ChatUser.swift in Sources */ = {isa = PBXBuildFile; fileRef = 734C262D1F44C8EC000EB09B /* ChatUser.swift */; };
		734C26301F44CD90000EB09B /* ChatUserCell.swift in Sources */ = {isa = PBXBuildFile; fileRef = 734C262F1F44CD90000EB09B /* ChatUserCell.swift */; };
		735048F21DD5003500AF2320 /* AppDelegate.swift in Sources */ = {isa = PBXBuildFile; fileRef = 735048F11DD5003500AF2320 /* AppDelegate.swift */; };
		735048F71DD5003500AF2320 /* Main.storyboard in Resources */ = {isa = PBXBuildFile; fileRef = 735048F51DD5003500AF2320 /* Main.storyboard */; };
		735048F91DD5003500AF2320 /* Assets.xcassets in Resources */ = {isa = PBXBuildFile; fileRef = 735048F81DD5003500AF2320 /* Assets.xcassets */; };
		735048FC1DD5003500AF2320 /* LaunchScreen.storyboard in Resources */ = {isa = PBXBuildFile; fileRef = 735048FA1DD5003500AF2320 /* LaunchScreen.storyboard */; };
		735049041DD65E1700AF2320 /* MeetupClient.swift in Sources */ = {isa = PBXBuildFile; fileRef = 735049031DD65E1700AF2320 /* MeetupClient.swift */; };
		735049071DD663C100AF2320 /* Meetup.swift in Sources */ = {isa = PBXBuildFile; fileRef = 735049061DD663C100AF2320 /* Meetup.swift */; };
		7367B5891F8446AC00B0EF7B /* UserLocation.swift in Sources */ = {isa = PBXBuildFile; fileRef = 7367B5881F8446AC00B0EF7B /* UserLocation.swift */; };
		7378A7E01DDE49420023243C /* MeetupDetailViewController.swift in Sources */ = {isa = PBXBuildFile; fileRef = 7378A7DF1DDE49420023243C /* MeetupDetailViewController.swift */; };
		737C3BA820D2E5D100C7D7E4 /* NBAMock.swift in Sources */ = {isa = PBXBuildFile; fileRef = 737C3BA720D2E5D100C7D7E4 /* NBAMock.swift */; };
		737C3BAA20D2EA0000C7D7E4 /* NBATeamsFeed.swift in Sources */ = {isa = PBXBuildFile; fileRef = 737C3BA920D2EA0000C7D7E4 /* NBATeamsFeed.swift */; };
		737C3BAC20D2EC0800C7D7E4 /* NBAPlayersFeed.swift in Sources */ = {isa = PBXBuildFile; fileRef = 737C3BAB20D2EC0800C7D7E4 /* NBAPlayersFeed.swift */; };
		737C3BAE20D2EC2500C7D7E4 /* NBATeamsConfigFeed.swift in Sources */ = {isa = PBXBuildFile; fileRef = 737C3BAD20D2EC2500C7D7E4 /* NBATeamsConfigFeed.swift */; };
		737C3BB020D3065F00C7D7E4 /* NBADataAPI.swift in Sources */ = {isa = PBXBuildFile; fileRef = 737C3BAF20D3065F00C7D7E4 /* NBADataAPI.swift */; };
		737F1C2E1F16B7F20043873B /* NotificationService.swift in Sources */ = {isa = PBXBuildFile; fileRef = 737F1C2D1F16B7F20043873B /* NotificationService.swift */; };
		737F1C321F16B7F20043873B /* MeetupServiceExtension.appex in Embed App Extensions */ = {isa = PBXBuildFile; fileRef = 737F1C2B1F16B7F20043873B /* MeetupServiceExtension.appex */; settings = {ATTRIBUTES = (RemoveHeadersOnCopy, ); }; };
		73848B351F4353DB003300F6 /* LoginViewController.swift in Sources */ = {isa = PBXBuildFile; fileRef = 73848B341F4353DB003300F6 /* LoginViewController.swift */; };
		73848B371F438949003300F6 /* Shakeable.swift in Sources */ = {isa = PBXBuildFile; fileRef = 73848B361F438949003300F6 /* Shakeable.swift */; };
		73848B391F4396EC003300F6 /* MessagesTableViewController.swift in Sources */ = {isa = PBXBuildFile; fileRef = 73848B381F4396EC003300F6 /* MessagesTableViewController.swift */; };
		73A4D4961F34F58200127A51 /* YelpRatingControl.swift in Sources */ = {isa = PBXBuildFile; fileRef = 73A4D4951F34F58200127A51 /* YelpRatingControl.swift */; };
		73A79A881F4CB87C0095D11E /* ChatLogViewController.swift in Sources */ = {isa = PBXBuildFile; fileRef = 73A79A871F4CB87C0095D11E /* ChatLogViewController.swift */; };
		73B17C601F43501A003FAEFF /* GoogleService-Info.plist in Resources */ = {isa = PBXBuildFile; fileRef = 73B17C5F1F43501A003FAEFF /* GoogleService-Info.plist */; };
		73B1C8B21F4F388800A9D7B7 /* ChatMessage.swift in Sources */ = {isa = PBXBuildFile; fileRef = 73B1C8B11F4F388800A9D7B7 /* ChatMessage.swift */; };
		73B1C8B41F4F3EAD00A9D7B7 /* ChatUsersTableViewController.swift in Sources */ = {isa = PBXBuildFile; fileRef = 73B1C8B31F4F3EAD00A9D7B7 /* ChatUsersTableViewController.swift */; };
		73B66B0D201FC3C3009BAB43 /* WarriorsTableViewControllerTests.swift in Sources */ = {isa = PBXBuildFile; fileRef = 73B66B0C201FC3C3009BAB43 /* WarriorsTableViewControllerTests.swift */; };
		73B826AA1F7C03560039973D /* ARKit.storyboard in Resources */ = {isa = PBXBuildFile; fileRef = 73B826A91F7C03560039973D /* ARKit.storyboard */; };
		73B826AD1F7C04310039973D /* ARKitViewController.swift in Sources */ = {isa = PBXBuildFile; fileRef = 73B826AB1F7C04310039973D /* ARKitViewController.swift */; };
		73B826BB1F7C068A0039973D /* art.scnassets in Resources */ = {isa = PBXBuildFile; fileRef = 73B826BA1F7C068A0039973D /* art.scnassets */; };
		73CAF6C01DDC44D00065DA36 /* CommentsViewController.swift in Sources */ = {isa = PBXBuildFile; fileRef = 73CAF6BF1DDC44D00065DA36 /* CommentsViewController.swift */; };
		73CAF6C61DDD40360065DA36 /* PulleyViewController.swift in Sources */ = {isa = PBXBuildFile; fileRef = 73CAF6C41DDD40360065DA36 /* PulleyViewController.swift */; };
		73CAF6C71DDD40360065DA36 /* PulleyPassthroughScrollView.swift in Sources */ = {isa = PBXBuildFile; fileRef = 73CAF6C51DDD40360065DA36 /* PulleyPassthroughScrollView.swift */; };
		73CAF6C91DDD41380065DA36 /* DrawerContentViewController.swift in Sources */ = {isa = PBXBuildFile; fileRef = 73CAF6C81DDD41380065DA36 /* DrawerContentViewController.swift */; };
		73EB70F01FBDFFAF000AEB1A /* WarriorsTableViewController.swift in Sources */ = {isa = PBXBuildFile; fileRef = 73EB70EF1FBDFFAF000AEB1A /* WarriorsTableViewController.swift */; };
		73EB70F21FBE1CF6000AEB1A /* NBAFranchise.swift in Sources */ = {isa = PBXBuildFile; fileRef = 73EB70F11FBE1CF6000AEB1A /* NBAFranchise.swift */; };
		73EB70F41FBE2C59000AEB1A /* CollapsibleTableViewHeader.swift in Sources */ = {isa = PBXBuildFile; fileRef = 73EB70F31FBE2C59000AEB1A /* CollapsibleTableViewHeader.swift */; };
		73ECD6C01F2BE97200BD1639 /* YelpViewController.swift in Sources */ = {isa = PBXBuildFile; fileRef = 73ECD6BF1F2BE97100BD1639 /* YelpViewController.swift */; };
		73F2FB4D1DDD605200E6DC22 /* Extensions.swift in Sources */ = {isa = PBXBuildFile; fileRef = 73F2FB4C1DDD605200E6DC22 /* Extensions.swift */; };
		73F2FB511DDD65DE00E6DC22 /* MapViewController.swift in Sources */ = {isa = PBXBuildFile; fileRef = 73F2FB501DDD65DE00E6DC22 /* MapViewController.swift */; };
		73F2FB531DDD685900E6DC22 /* CoreLocation.framework in Frameworks */ = {isa = PBXBuildFile; fileRef = 73F2FB521DDD685900E6DC22 /* CoreLocation.framework */; };
/* End PBXBuildFile section */

/* Begin PBXContainerItemProxy section */
		7354FEBF201FB57600FC3BE9 /* PBXContainerItemProxy */ = {
			isa = PBXContainerItemProxy;
			containerPortal = 735048E61DD5003500AF2320 /* Project object */;
			proxyType = 1;
			remoteGlobalIDString = 735048ED1DD5003500AF2320;
			remoteInfo = Meetup;
		};
		737F1C301F16B7F20043873B /* PBXContainerItemProxy */ = {
			isa = PBXContainerItemProxy;
			containerPortal = 735048E61DD5003500AF2320 /* Project object */;
			proxyType = 1;
			remoteGlobalIDString = 737F1C2A1F16B7F20043873B;
			remoteInfo = MeetupServiceExtension;
		};
/* End PBXContainerItemProxy section */

/* Begin PBXCopyFilesBuildPhase section */
		737F1C361F16B7F20043873B /* Embed App Extensions */ = {
			isa = PBXCopyFilesBuildPhase;
			buildActionMask = 2147483647;
			dstPath = "";
			dstSubfolderSpec = 13;
			files = (
				737F1C321F16B7F20043873B /* MeetupServiceExtension.appex in Embed App Extensions */,
			);
			name = "Embed App Extensions";
			runOnlyForDeploymentPostprocessing = 0;
		};
/* End PBXCopyFilesBuildPhase section */

/* Begin PBXFileReference section */
		26C4535B5E414720B0411463 /* Pods_MeetupServiceExtension.framework */ = {isa = PBXFileReference; explicitFileType = wrapper.framework; includeInIndex = 0; path = Pods_MeetupServiceExtension.framework; sourceTree = BUILT_PRODUCTS_DIR; };
		2749F28D77EBBBFB5ADF446F /* Pods-MeetupServiceExtension.debug.xcconfig */ = {isa = PBXFileReference; includeInIndex = 1; lastKnownFileType = text.xcconfig; name = "Pods-MeetupServiceExtension.debug.xcconfig"; path = "Pods/Target Support Files/Pods-MeetupServiceExtension/Pods-MeetupServiceExtension.debug.xcconfig"; sourceTree = "<group>"; };
		4CCE95F6099AADB596FE0E55 /* Pods-Meetup.debug.xcconfig */ = {isa = PBXFileReference; includeInIndex = 1; lastKnownFileType = text.xcconfig; name = "Pods-Meetup.debug.xcconfig"; path = "Pods/Target Support Files/Pods-Meetup/Pods-Meetup.debug.xcconfig"; sourceTree = "<group>"; };
		730238C7201BED1200FDE671 /* PlayerProfileViewController.swift */ = {isa = PBXFileReference; lastKnownFileType = sourcecode.swift; path = PlayerProfileViewController.swift; sourceTree = "<group>"; };
		730238C9201BEF0F00FDE671 /* PlayerProfileViewController.xib */ = {isa = PBXFileReference; lastKnownFileType = file.xib; path = PlayerProfileViewController.xib; sourceTree = "<group>"; };
		730460AD1DDBB9AD00CBA259 /* MapKit.framework */ = {isa = PBXFileReference; lastKnownFileType = wrapper.framework; name = MapKit.framework; path = System/Library/Frameworks/MapKit.framework; sourceTree = SDKROOT; };
		730460B11DDBBDD300CBA259 /* CustomAnnotation.swift */ = {isa = PBXFileReference; fileEncoding = 4; lastKnownFileType = sourcecode.swift; path = CustomAnnotation.swift; sourceTree = "<group>"; };
		7314022B2011383700C3F89A /* teams.json */ = {isa = PBXFileReference; fileEncoding = 4; lastKnownFileType = text.json; path = teams.json; sourceTree = "<group>"; };
		7314022D201150B500C3F89A /* teams_config.json */ = {isa = PBXFileReference; fileEncoding = 4; lastKnownFileType = text.json; path = teams_config.json; sourceTree = "<group>"; };
		733AEE0420D31DFB007DFFE0 /* NBADataManager.swift */ = {isa = PBXFileReference; lastKnownFileType = sourcecode.swift; path = NBADataManager.swift; sourceTree = "<group>"; };
		733AEE0720D33C66007DFFE0 /* 201142_profile.json */ = {isa = PBXFileReference; lastKnownFileType = text.json; path = 201142_profile.json; sourceTree = "<group>"; };
		733AEE0920D33D24007DFFE0 /* NBAPlayerProfile.swift */ = {isa = PBXFileReference; lastKnownFileType = sourcecode.swift; path = NBAPlayerProfile.swift; sourceTree = "<group>"; };
		7342990F1F3378440094AC20 /* YelpTableViewCell.swift */ = {isa = PBXFileReference; lastKnownFileType = sourcecode.swift; path = YelpTableViewCell.swift; sourceTree = "<group>"; };
		734299101F3378440094AC20 /* YelpTableViewCell.xib */ = {isa = PBXFileReference; lastKnownFileType = file.xib; path = YelpTableViewCell.xib; sourceTree = "<group>"; };
		7346125320042D2600212FC0 /* players.json */ = {isa = PBXFileReference; fileEncoding = 4; lastKnownFileType = text.json; path = players.json; sourceTree = "<group>"; };
		7347D47E1F54C644005CF78E /* ChatMessageCell.swift */ = {isa = PBXFileReference; lastKnownFileType = sourcecode.swift; path = ChatMessageCell.swift; sourceTree = "<group>"; };
		73492ABF1F2BBAEB004C9C31 /* SideMenuViewController.swift */ = {isa = PBXFileReference; fileEncoding = 4; lastKnownFileType = sourcecode.swift; path = SideMenuViewController.swift; sourceTree = "<group>"; };
		73492AC11F2BD38D004C9C31 /* YelpClient.swift */ = {isa = PBXFileReference; fileEncoding = 4; lastKnownFileType = sourcecode.swift; path = YelpClient.swift; sourceTree = "<group>"; };
		73492AC31F2BDA60004C9C31 /* YelpBusiness.swift */ = {isa = PBXFileReference; fileEncoding = 4; lastKnownFileType = sourcecode.swift; path = YelpBusiness.swift; sourceTree = "<group>"; };
		734C262D1F44C8EC000EB09B /* ChatUser.swift */ = {isa = PBXFileReference; lastKnownFileType = sourcecode.swift; path = ChatUser.swift; sourceTree = "<group>"; };
		734C262F1F44CD90000EB09B /* ChatUserCell.swift */ = {isa = PBXFileReference; lastKnownFileType = sourcecode.swift; path = ChatUserCell.swift; sourceTree = "<group>"; };
		735048EE1DD5003500AF2320 /* Meetup.app */ = {isa = PBXFileReference; explicitFileType = wrapper.application; includeInIndex = 0; path = Meetup.app; sourceTree = BUILT_PRODUCTS_DIR; };
		735048F11DD5003500AF2320 /* AppDelegate.swift */ = {isa = PBXFileReference; lastKnownFileType = sourcecode.swift; path = AppDelegate.swift; sourceTree = "<group>"; };
		735048F61DD5003500AF2320 /* Base */ = {isa = PBXFileReference; lastKnownFileType = file.storyboard; name = Base; path = Base.lproj/Main.storyboard; sourceTree = "<group>"; };
		735048F81DD5003500AF2320 /* Assets.xcassets */ = {isa = PBXFileReference; lastKnownFileType = folder.assetcatalog; path = Assets.xcassets; sourceTree = "<group>"; };
		735048FB1DD5003500AF2320 /* Base */ = {isa = PBXFileReference; lastKnownFileType = file.storyboard; name = Base; path = Base.lproj/LaunchScreen.storyboard; sourceTree = "<group>"; };
		735048FD1DD5003500AF2320 /* Info.plist */ = {isa = PBXFileReference; lastKnownFileType = text.plist.xml; path = Info.plist; sourceTree = "<group>"; };
		735049031DD65E1700AF2320 /* MeetupClient.swift */ = {isa = PBXFileReference; fileEncoding = 4; lastKnownFileType = sourcecode.swift; path = MeetupClient.swift; sourceTree = "<group>"; };
		735049061DD663C100AF2320 /* Meetup.swift */ = {isa = PBXFileReference; fileEncoding = 4; lastKnownFileType = sourcecode.swift; path = Meetup.swift; sourceTree = "<group>"; };
		7354FEBA201FB57600FC3BE9 /* MeetupTests.xctest */ = {isa = PBXFileReference; explicitFileType = wrapper.cfbundle; includeInIndex = 0; path = MeetupTests.xctest; sourceTree = BUILT_PRODUCTS_DIR; };
		7354FEBE201FB57600FC3BE9 /* Info.plist */ = {isa = PBXFileReference; lastKnownFileType = text.plist.xml; path = Info.plist; sourceTree = "<group>"; };
		7367B5881F8446AC00B0EF7B /* UserLocation.swift */ = {isa = PBXFileReference; lastKnownFileType = sourcecode.swift; path = UserLocation.swift; sourceTree = "<group>"; };
		736B039C1F79A25D00CAD6AE /* Meetup-Bridging-Header.h */ = {isa = PBXFileReference; lastKnownFileType = sourcecode.c.h; path = "Meetup-Bridging-Header.h"; sourceTree = "<group>"; };
		7378A7DF1DDE49420023243C /* MeetupDetailViewController.swift */ = {isa = PBXFileReference; fileEncoding = 4; lastKnownFileType = sourcecode.swift; path = MeetupDetailViewController.swift; sourceTree = "<group>"; };
		737C3BA720D2E5D100C7D7E4 /* NBAMock.swift */ = {isa = PBXFileReference; lastKnownFileType = sourcecode.swift; path = NBAMock.swift; sourceTree = "<group>"; };
		737C3BA920D2EA0000C7D7E4 /* NBATeamsFeed.swift */ = {isa = PBXFileReference; lastKnownFileType = sourcecode.swift; path = NBATeamsFeed.swift; sourceTree = "<group>"; };
		737C3BAB20D2EC0800C7D7E4 /* NBAPlayersFeed.swift */ = {isa = PBXFileReference; lastKnownFileType = sourcecode.swift; path = NBAPlayersFeed.swift; sourceTree = "<group>"; };
		737C3BAD20D2EC2500C7D7E4 /* NBATeamsConfigFeed.swift */ = {isa = PBXFileReference; lastKnownFileType = sourcecode.swift; path = NBATeamsConfigFeed.swift; sourceTree = "<group>"; };
		737C3BAF20D3065F00C7D7E4 /* NBADataAPI.swift */ = {isa = PBXFileReference; lastKnownFileType = sourcecode.swift; path = NBADataAPI.swift; sourceTree = "<group>"; };
		737F1C2B1F16B7F20043873B /* MeetupServiceExtension.appex */ = {isa = PBXFileReference; explicitFileType = "wrapper.app-extension"; includeInIndex = 0; path = MeetupServiceExtension.appex; sourceTree = BUILT_PRODUCTS_DIR; };
		737F1C2D1F16B7F20043873B /* NotificationService.swift */ = {isa = PBXFileReference; lastKnownFileType = sourcecode.swift; path = NotificationService.swift; sourceTree = "<group>"; };
		737F1C2F1F16B7F20043873B /* Info.plist */ = {isa = PBXFileReference; lastKnownFileType = text.plist.xml; path = Info.plist; sourceTree = "<group>"; };
		737F1C371F16B9290043873B /* MeetupServiceExtension.entitlements */ = {isa = PBXFileReference; lastKnownFileType = text.plist.entitlements; path = MeetupServiceExtension.entitlements; sourceTree = "<group>"; };
		737F1C381F16B94E0043873B /* Meetup.entitlements */ = {isa = PBXFileReference; lastKnownFileType = text.plist.entitlements; path = Meetup.entitlements; sourceTree = "<group>"; };
		73848B341F4353DB003300F6 /* LoginViewController.swift */ = {isa = PBXFileReference; lastKnownFileType = sourcecode.swift; path = LoginViewController.swift; sourceTree = "<group>"; };
		73848B361F438949003300F6 /* Shakeable.swift */ = {isa = PBXFileReference; lastKnownFileType = sourcecode.swift; path = Shakeable.swift; sourceTree = "<group>"; };
		73848B381F4396EC003300F6 /* MessagesTableViewController.swift */ = {isa = PBXFileReference; lastKnownFileType = sourcecode.swift; path = MessagesTableViewController.swift; sourceTree = "<group>"; };
		73A4D4951F34F58200127A51 /* YelpRatingControl.swift */ = {isa = PBXFileReference; lastKnownFileType = sourcecode.swift; path = YelpRatingControl.swift; sourceTree = "<group>"; };
		73A79A871F4CB87C0095D11E /* ChatLogViewController.swift */ = {isa = PBXFileReference; lastKnownFileType = sourcecode.swift; path = ChatLogViewController.swift; sourceTree = "<group>"; };
		73B17C5F1F43501A003FAEFF /* GoogleService-Info.plist */ = {isa = PBXFileReference; fileEncoding = 4; lastKnownFileType = text.plist.xml; path = "GoogleService-Info.plist"; sourceTree = "<group>"; };
		73B1C8B11F4F388800A9D7B7 /* ChatMessage.swift */ = {isa = PBXFileReference; lastKnownFileType = sourcecode.swift; path = ChatMessage.swift; sourceTree = "<group>"; };
		73B1C8B31F4F3EAD00A9D7B7 /* ChatUsersTableViewController.swift */ = {isa = PBXFileReference; lastKnownFileType = sourcecode.swift; path = ChatUsersTableViewController.swift; sourceTree = "<group>"; };
		73B66B0B201FC3C3009BAB43 /* MeetupTests-Bridging-Header.h */ = {isa = PBXFileReference; lastKnownFileType = sourcecode.c.h; path = "MeetupTests-Bridging-Header.h"; sourceTree = "<group>"; };
		73B66B0C201FC3C3009BAB43 /* WarriorsTableViewControllerTests.swift */ = {isa = PBXFileReference; lastKnownFileType = sourcecode.swift; path = WarriorsTableViewControllerTests.swift; sourceTree = "<group>"; };
		73B826A91F7C03560039973D /* ARKit.storyboard */ = {isa = PBXFileReference; lastKnownFileType = file.storyboard; path = ARKit.storyboard; sourceTree = "<group>"; };
		73B826AB1F7C04310039973D /* ARKitViewController.swift */ = {isa = PBXFileReference; lastKnownFileType = sourcecode.swift; path = ARKitViewController.swift; sourceTree = "<group>"; };
		73B826BA1F7C068A0039973D /* art.scnassets */ = {isa = PBXFileReference; lastKnownFileType = wrapper.scnassets; path = art.scnassets; sourceTree = "<group>"; };
		73CAF6BF1DDC44D00065DA36 /* CommentsViewController.swift */ = {isa = PBXFileReference; fileEncoding = 4; lastKnownFileType = sourcecode.swift; path = CommentsViewController.swift; sourceTree = "<group>"; };
		73CAF6C41DDD40360065DA36 /* PulleyViewController.swift */ = {isa = PBXFileReference; fileEncoding = 4; lastKnownFileType = sourcecode.swift; path = PulleyViewController.swift; sourceTree = "<group>"; };
		73CAF6C51DDD40360065DA36 /* PulleyPassthroughScrollView.swift */ = {isa = PBXFileReference; fileEncoding = 4; lastKnownFileType = sourcecode.swift; path = PulleyPassthroughScrollView.swift; sourceTree = "<group>"; };
		73CAF6C81DDD41380065DA36 /* DrawerContentViewController.swift */ = {isa = PBXFileReference; fileEncoding = 4; lastKnownFileType = sourcecode.swift; path = DrawerContentViewController.swift; sourceTree = "<group>"; };
		73EB70EF1FBDFFAF000AEB1A /* WarriorsTableViewController.swift */ = {isa = PBXFileReference; lastKnownFileType = sourcecode.swift; path = WarriorsTableViewController.swift; sourceTree = "<group>"; };
		73EB70F11FBE1CF6000AEB1A /* NBAFranchise.swift */ = {isa = PBXFileReference; lastKnownFileType = sourcecode.swift; path = NBAFranchise.swift; sourceTree = "<group>"; };
		73EB70F31FBE2C59000AEB1A /* CollapsibleTableViewHeader.swift */ = {isa = PBXFileReference; lastKnownFileType = sourcecode.swift; path = CollapsibleTableViewHeader.swift; sourceTree = "<group>"; };
		73ECD6BF1F2BE97100BD1639 /* YelpViewController.swift */ = {isa = PBXFileReference; lastKnownFileType = sourcecode.swift; path = YelpViewController.swift; sourceTree = "<group>"; };
		73F2FB4C1DDD605200E6DC22 /* Extensions.swift */ = {isa = PBXFileReference; fileEncoding = 4; lastKnownFileType = sourcecode.swift; path = Extensions.swift; sourceTree = "<group>"; };
		73F2FB501DDD65DE00E6DC22 /* MapViewController.swift */ = {isa = PBXFileReference; fileEncoding = 4; lastKnownFileType = sourcecode.swift; path = MapViewController.swift; sourceTree = "<group>"; };
		73F2FB521DDD685900E6DC22 /* CoreLocation.framework */ = {isa = PBXFileReference; lastKnownFileType = wrapper.framework; name = CoreLocation.framework; path = System/Library/Frameworks/CoreLocation.framework; sourceTree = SDKROOT; };
		74716515D0B5D975E824851B /* Pods-MeetupTests.release.xcconfig */ = {isa = PBXFileReference; includeInIndex = 1; lastKnownFileType = text.xcconfig; name = "Pods-MeetupTests.release.xcconfig"; path = "Pods/Target Support Files/Pods-MeetupTests/Pods-MeetupTests.release.xcconfig"; sourceTree = "<group>"; };
		927F592170279CC504935D10 /* Pods_MeetupTests.framework */ = {isa = PBXFileReference; explicitFileType = wrapper.framework; includeInIndex = 0; path = Pods_MeetupTests.framework; sourceTree = BUILT_PRODUCTS_DIR; };
		B03725CA0DD01ADBA7A5BB13 /* Pods-MeetupServiceExtension.release.xcconfig */ = {isa = PBXFileReference; includeInIndex = 1; lastKnownFileType = text.xcconfig; name = "Pods-MeetupServiceExtension.release.xcconfig"; path = "Pods/Target Support Files/Pods-MeetupServiceExtension/Pods-MeetupServiceExtension.release.xcconfig"; sourceTree = "<group>"; };
		CE7731CBBEF9F108659B7C50 /* Pods-MeetupTests.debug.xcconfig */ = {isa = PBXFileReference; includeInIndex = 1; lastKnownFileType = text.xcconfig; name = "Pods-MeetupTests.debug.xcconfig"; path = "Pods/Target Support Files/Pods-MeetupTests/Pods-MeetupTests.debug.xcconfig"; sourceTree = "<group>"; };
		D742FE69B7D4EEB96634DC46 /* Pods_Meetup.framework */ = {isa = PBXFileReference; explicitFileType = wrapper.framework; includeInIndex = 0; path = Pods_Meetup.framework; sourceTree = BUILT_PRODUCTS_DIR; };
		D94F1F72DA2CF276AF8B3635 /* Pods-Meetup.release.xcconfig */ = {isa = PBXFileReference; includeInIndex = 1; lastKnownFileType = text.xcconfig; name = "Pods-Meetup.release.xcconfig"; path = "Pods/Target Support Files/Pods-Meetup/Pods-Meetup.release.xcconfig"; sourceTree = "<group>"; };
/* End PBXFileReference section */

/* Begin PBXFrameworksBuildPhase section */
		735048EB1DD5003500AF2320 /* Frameworks */ = {
			isa = PBXFrameworksBuildPhase;
			buildActionMask = 2147483647;
			files = (
				73F2FB531DDD685900E6DC22 /* CoreLocation.framework in Frameworks */,
				730460AE1DDBB9AD00CBA259 /* MapKit.framework in Frameworks */,
				2DAD0621A42AB7941266BA5D /* Pods_Meetup.framework in Frameworks */,
			);
			runOnlyForDeploymentPostprocessing = 0;
		};
		7354FEB7201FB57600FC3BE9 /* Frameworks */ = {
			isa = PBXFrameworksBuildPhase;
			buildActionMask = 2147483647;
			files = (
				6AE0078C140A3A0CB84C0B5E /* Pods_MeetupTests.framework in Frameworks */,
			);
			runOnlyForDeploymentPostprocessing = 0;
		};
		737F1C281F16B7F20043873B /* Frameworks */ = {
			isa = PBXFrameworksBuildPhase;
			buildActionMask = 2147483647;
			files = (
				672FEF3F057A44FD64CC3E55 /* Pods_MeetupServiceExtension.framework in Frameworks */,
			);
			runOnlyForDeploymentPostprocessing = 0;
		};
/* End PBXFrameworksBuildPhase section */

/* Begin PBXGroup section */
		733AEE0620D3213D007DFFE0 /* View */ = {
			isa = PBXGroup;
			children = (
				73EB70EF1FBDFFAF000AEB1A /* WarriorsTableViewController.swift */,
				730238C7201BED1200FDE671 /* PlayerProfileViewController.swift */,
				730238C9201BEF0F00FDE671 /* PlayerProfileViewController.xib */,
				73EB70F31FBE2C59000AEB1A /* CollapsibleTableViewHeader.swift */,
			);
			path = View;
			sourceTree = "<group>";
		};
		735048E51DD5003500AF2320 = {
			isa = PBXGroup;
			children = (
				735048F01DD5003500AF2320 /* Meetup */,
				737F1C2C1F16B7F20043873B /* MeetupServiceExtension */,
				7354FEBB201FB57600FC3BE9 /* MeetupTests */,
				735048EF1DD5003500AF2320 /* Products */,
				D665163220AA4FF76DD19392 /* Pods */,
				B4729C723C75442881C5E725 /* Frameworks */,
			);
			sourceTree = "<group>";
		};
		735048EF1DD5003500AF2320 /* Products */ = {
			isa = PBXGroup;
			children = (
				735048EE1DD5003500AF2320 /* Meetup.app */,
				737F1C2B1F16B7F20043873B /* MeetupServiceExtension.appex */,
				7354FEBA201FB57600FC3BE9 /* MeetupTests.xctest */,
			);
			name = Products;
			sourceTree = "<group>";
		};
		735048F01DD5003500AF2320 /* Meetup */ = {
			isa = PBXGroup;
			children = (
				737F1C381F16B94E0043873B /* Meetup.entitlements */,
				73DA38A71F14161700814F16 /* Meetup */,
				735049051DD65E2100AF2320 /* Yelp */,
				738262021F7AEB0B007FB200 /* Firebase Chat */,
				73B826A81F7C030B0039973D /* ARKit */,
				73EB70EE1FBDFED9000AEB1A /* CoreData */,
				73DA38A81F14163400814F16 /* Extensions */,
				73492ABF1F2BBAEB004C9C31 /* SideMenuViewController.swift */,
				735048F11DD5003500AF2320 /* AppDelegate.swift */,
				735048F51DD5003500AF2320 /* Main.storyboard */,
				735048F81DD5003500AF2320 /* Assets.xcassets */,
				735048FA1DD5003500AF2320 /* LaunchScreen.storyboard */,
				735048FD1DD5003500AF2320 /* Info.plist */,
				73B17C5F1F43501A003FAEFF /* GoogleService-Info.plist */,
				736B039C1F79A25D00CAD6AE /* Meetup-Bridging-Header.h */,
			);
			path = Meetup;
			sourceTree = "<group>";
		};
		735049051DD65E2100AF2320 /* Yelp */ = {
			isa = PBXGroup;
			children = (
				738262061F7AEC60007FB200 /* Models */,
				738262081F7AEC89007FB200 /* Views */,
				738262071F7AEC75007FB200 /* Controllers */,
			);
			path = Yelp;
			sourceTree = "<group>";
		};
		7354FEBB201FB57600FC3BE9 /* MeetupTests */ = {
			isa = PBXGroup;
			children = (
				73B66B0C201FC3C3009BAB43 /* WarriorsTableViewControllerTests.swift */,
				73B66B0B201FC3C3009BAB43 /* MeetupTests-Bridging-Header.h */,
				7354FEBE201FB57600FC3BE9 /* Info.plist */,
			);
			path = MeetupTests;
			sourceTree = "<group>";
		};
		737C3BB120D3196A00C7D7E4 /* Model */ = {
			isa = PBXGroup;
			children = (
				737C3BAB20D2EC0800C7D7E4 /* NBAPlayersFeed.swift */,
				733AEE0920D33D24007DFFE0 /* NBAPlayerProfile.swift */,
				737C3BA920D2EA0000C7D7E4 /* NBATeamsFeed.swift */,
				737C3BAD20D2EC2500C7D7E4 /* NBATeamsConfigFeed.swift */,
				73EB70F11FBE1CF6000AEB1A /* NBAFranchise.swift */,
			);
			path = Model;
			sourceTree = "<group>";
		};
		737C3BB220D3198400C7D7E4 /* Mock */ = {
			isa = PBXGroup;
			children = (
				7346125320042D2600212FC0 /* players.json */,
				7314022B2011383700C3F89A /* teams.json */,
				7314022D201150B500C3F89A /* teams_config.json */,
				733AEE0720D33C66007DFFE0 /* 201142_profile.json */,
				737C3BA720D2E5D100C7D7E4 /* NBAMock.swift */,
			);
			path = Mock;
			sourceTree = "<group>";
		};
		737C3BB320D3199B00C7D7E4 /* API */ = {
			isa = PBXGroup;
			children = (
				737C3BAF20D3065F00C7D7E4 /* NBADataAPI.swift */,
				733AEE0420D31DFB007DFFE0 /* NBADataManager.swift */,
			);
			path = API;
			sourceTree = "<group>";
		};
		737F1C2C1F16B7F20043873B /* MeetupServiceExtension */ = {
			isa = PBXGroup;
			children = (
				737F1C371F16B9290043873B /* MeetupServiceExtension.entitlements */,
				737F1C2D1F16B7F20043873B /* NotificationService.swift */,
				737F1C2F1F16B7F20043873B /* Info.plist */,
			);
			path = MeetupServiceExtension;
			sourceTree = "<group>";
		};
		738262021F7AEB0B007FB200 /* Firebase Chat */ = {
			isa = PBXGroup;
			children = (
				738262031F7AEBA3007FB200 /* Models */,
				738262051F7AEBC3007FB200 /* Views */,
				738262041F7AEBB0007FB200 /* Controllers */,
			);
			path = "Firebase Chat";
			sourceTree = "<group>";
		};
		738262031F7AEBA3007FB200 /* Models */ = {
			isa = PBXGroup;
			children = (
				734C262D1F44C8EC000EB09B /* ChatUser.swift */,
				73B1C8B11F4F388800A9D7B7 /* ChatMessage.swift */,
			);
			path = Models;
			sourceTree = "<group>";
		};
		738262041F7AEBB0007FB200 /* Controllers */ = {
			isa = PBXGroup;
			children = (
				73848B341F4353DB003300F6 /* LoginViewController.swift */,
				73848B381F4396EC003300F6 /* MessagesTableViewController.swift */,
				73B1C8B31F4F3EAD00A9D7B7 /* ChatUsersTableViewController.swift */,
				73A79A871F4CB87C0095D11E /* ChatLogViewController.swift */,
			);
			path = Controllers;
			sourceTree = "<group>";
		};
		738262051F7AEBC3007FB200 /* Views */ = {
			isa = PBXGroup;
			children = (
				734C262F1F44CD90000EB09B /* ChatUserCell.swift */,
				7347D47E1F54C644005CF78E /* ChatMessageCell.swift */,
			);
			path = Views;
			sourceTree = "<group>";
		};
		738262061F7AEC60007FB200 /* Models */ = {
			isa = PBXGroup;
			children = (
				73492AC31F2BDA60004C9C31 /* YelpBusiness.swift */,
				73492AC11F2BD38D004C9C31 /* YelpClient.swift */,
				73A4D4951F34F58200127A51 /* YelpRatingControl.swift */,
			);
			path = Models;
			sourceTree = "<group>";
		};
		738262071F7AEC75007FB200 /* Controllers */ = {
			isa = PBXGroup;
			children = (
				73ECD6BF1F2BE97100BD1639 /* YelpViewController.swift */,
			);
			path = Controllers;
			sourceTree = "<group>";
		};
		738262081F7AEC89007FB200 /* Views */ = {
			isa = PBXGroup;
			children = (
				7342990F1F3378440094AC20 /* YelpTableViewCell.swift */,
				734299101F3378440094AC20 /* YelpTableViewCell.xib */,
			);
			path = Views;
			sourceTree = "<group>";
		};
		738262091F7AED0D007FB200 /* Models */ = {
			isa = PBXGroup;
			children = (
				735049061DD663C100AF2320 /* Meetup.swift */,
				730460B11DDBBDD300CBA259 /* CustomAnnotation.swift */,
			);
			path = Models;
			sourceTree = "<group>";
		};
		7382620A1F7AED19007FB200 /* API */ = {
			isa = PBXGroup;
			children = (
				735049031DD65E1700AF2320 /* MeetupClient.swift */,
			);
			path = API;
			sourceTree = "<group>";
		};
		7382620B1F7AED2F007FB200 /* Controllers */ = {
			isa = PBXGroup;
			children = (
				73F2FB501DDD65DE00E6DC22 /* MapViewController.swift */,
				7378A7DF1DDE49420023243C /* MeetupDetailViewController.swift */,
				73CAF6BF1DDC44D00065DA36 /* CommentsViewController.swift */,
			);
			path = Controllers;
			sourceTree = "<group>";
		};
		73B826A81F7C030B0039973D /* ARKit */ = {
			isa = PBXGroup;
			children = (
				73B826AB1F7C04310039973D /* ARKitViewController.swift */,
				73B826A91F7C03560039973D /* ARKit.storyboard */,
				73B826BA1F7C068A0039973D /* art.scnassets */,
			);
			path = ARKit;
			sourceTree = "<group>";
		};
		73CAF6C31DDD40220065DA36 /* PulleyLib */ = {
			isa = PBXGroup;
			children = (
				73CAF6C41DDD40360065DA36 /* PulleyViewController.swift */,
				73CAF6C51DDD40360065DA36 /* PulleyPassthroughScrollView.swift */,
				73CAF6C81DDD41380065DA36 /* DrawerContentViewController.swift */,
			);
			name = PulleyLib;
			path = PullyLib;
			sourceTree = "<group>";
		};
		73DA38A71F14161700814F16 /* Meetup */ = {
			isa = PBXGroup;
			children = (
				73CAF6C31DDD40220065DA36 /* PulleyLib */,
				738262091F7AED0D007FB200 /* Models */,
				7382620A1F7AED19007FB200 /* API */,
				7382620B1F7AED2F007FB200 /* Controllers */,
			);
			path = Meetup;
			sourceTree = "<group>";
		};
		73DA38A81F14163400814F16 /* Extensions */ = {
			isa = PBXGroup;
			children = (
				7367B5881F8446AC00B0EF7B /* UserLocation.swift */,
				73F2FB4C1DDD605200E6DC22 /* Extensions.swift */,
				73848B361F438949003300F6 /* Shakeable.swift */,
			);
			path = Extensions;
			sourceTree = "<group>";
		};
		73EB70EE1FBDFED9000AEB1A /* CoreData */ = {
			isa = PBXGroup;
			children = (
				737C3BB220D3198400C7D7E4 /* Mock */,
				737C3BB320D3199B00C7D7E4 /* API */,
				737C3BB120D3196A00C7D7E4 /* Model */,
				733AEE0620D3213D007DFFE0 /* View */,
			);
			path = CoreData;
			sourceTree = "<group>";
		};
		B4729C723C75442881C5E725 /* Frameworks */ = {
			isa = PBXGroup;
			children = (
				73F2FB521DDD685900E6DC22 /* CoreLocation.framework */,
				730460AD1DDBB9AD00CBA259 /* MapKit.framework */,
				D742FE69B7D4EEB96634DC46 /* Pods_Meetup.framework */,
				26C4535B5E414720B0411463 /* Pods_MeetupServiceExtension.framework */,
				927F592170279CC504935D10 /* Pods_MeetupTests.framework */,
			);
			name = Frameworks;
			sourceTree = "<group>";
		};
		D665163220AA4FF76DD19392 /* Pods */ = {
			isa = PBXGroup;
			children = (
				4CCE95F6099AADB596FE0E55 /* Pods-Meetup.debug.xcconfig */,
				D94F1F72DA2CF276AF8B3635 /* Pods-Meetup.release.xcconfig */,
				2749F28D77EBBBFB5ADF446F /* Pods-MeetupServiceExtension.debug.xcconfig */,
				B03725CA0DD01ADBA7A5BB13 /* Pods-MeetupServiceExtension.release.xcconfig */,
				CE7731CBBEF9F108659B7C50 /* Pods-MeetupTests.debug.xcconfig */,
				74716515D0B5D975E824851B /* Pods-MeetupTests.release.xcconfig */,
			);
			name = Pods;
			sourceTree = "<group>";
		};
/* End PBXGroup section */

/* Begin PBXNativeTarget section */
		735048ED1DD5003500AF2320 /* Meetup */ = {
			isa = PBXNativeTarget;
			buildConfigurationList = 735049001DD5003500AF2320 /* Build configuration list for PBXNativeTarget "Meetup" */;
			buildPhases = (
				668A81F2B5CA11EB63ED3852 /* [CP] Check Pods Manifest.lock */,
				735048EA1DD5003500AF2320 /* Sources */,
				735048EB1DD5003500AF2320 /* Frameworks */,
				735048EC1DD5003500AF2320 /* Resources */,
				3ABA2119DE08D4B75E16E623 /* [CP] Embed Pods Frameworks */,
				C8934A57CB758E354D0C724F /* [CP] Copy Pods Resources */,
				737F1C361F16B7F20043873B /* Embed App Extensions */,
			);
			buildRules = (
			);
			dependencies = (
				737F1C311F16B7F20043873B /* PBXTargetDependency */,
			);
			name = Meetup;
			productName = Meetup;
			productReference = 735048EE1DD5003500AF2320 /* Meetup.app */;
			productType = "com.apple.product-type.application";
		};
		7354FEB9201FB57600FC3BE9 /* MeetupTests */ = {
			isa = PBXNativeTarget;
			buildConfigurationList = 7354FEC3201FB57600FC3BE9 /* Build configuration list for PBXNativeTarget "MeetupTests" */;
			buildPhases = (
				1AF9E1CD9B5898E54A8FF0C6 /* [CP] Check Pods Manifest.lock */,
				7354FEB6201FB57600FC3BE9 /* Sources */,
				7354FEB7201FB57600FC3BE9 /* Frameworks */,
				7354FEB8201FB57600FC3BE9 /* Resources */,
				7950073CCF9A22BB5DFF4B41 /* [CP] Embed Pods Frameworks */,
				BD9B6802C1794EBF7244EF88 /* [CP] Copy Pods Resources */,
			);
			buildRules = (
			);
			dependencies = (
				7354FEC0201FB57600FC3BE9 /* PBXTargetDependency */,
			);
			name = MeetupTests;
			productName = MeetupTests;
			productReference = 7354FEBA201FB57600FC3BE9 /* MeetupTests.xctest */;
			productType = "com.apple.product-type.bundle.unit-test";
		};
		737F1C2A1F16B7F20043873B /* MeetupServiceExtension */ = {
			isa = PBXNativeTarget;
			buildConfigurationList = 737F1C331F16B7F20043873B /* Build configuration list for PBXNativeTarget "MeetupServiceExtension" */;
			buildPhases = (
				54269978F746382FBBF2735D /* [CP] Check Pods Manifest.lock */,
				737F1C271F16B7F20043873B /* Sources */,
				737F1C281F16B7F20043873B /* Frameworks */,
				737F1C291F16B7F20043873B /* Resources */,
				822B97546745E4352FE83833 /* [CP] Copy Pods Resources */,
			);
			buildRules = (
			);
			dependencies = (
			);
			name = MeetupServiceExtension;
			productName = MeetupServiceExtension;
			productReference = 737F1C2B1F16B7F20043873B /* MeetupServiceExtension.appex */;
			productType = "com.apple.product-type.app-extension";
		};
/* End PBXNativeTarget section */

/* Begin PBXProject section */
		735048E61DD5003500AF2320 /* Project object */ = {
			isa = PBXProject;
			attributes = {
				LastSwiftUpdateCheck = 0920;
				LastUpgradeCheck = 0800;
				ORGANIZATIONNAME = "Kevin Nguyen";
				TargetAttributes = {
					735048ED1DD5003500AF2320 = {
						CreatedOnToolsVersion = 8.0;
						DevelopmentTeam = 84CK77G588;
						ProvisioningStyle = Automatic;
						SystemCapabilities = {
							com.apple.BackgroundModes = {
								enabled = 1;
							};
							com.apple.Push = {
								enabled = 1;
							};
						};
					};
					7354FEB9201FB57600FC3BE9 = {
						CreatedOnToolsVersion = 9.2;
						DevelopmentTeam = 899V2XU7M8;
						LastSwiftMigration = 0920;
						ProvisioningStyle = Automatic;
						TestTargetID = 735048ED1DD5003500AF2320;
					};
					737F1C2A1F16B7F20043873B = {
						CreatedOnToolsVersion = 8.3.3;
						DevelopmentTeam = 84CK77G588;
						ProvisioningStyle = Automatic;
						SystemCapabilities = {
							com.apple.Push = {
								enabled = 0;
							};
						};
					};
				};
			};
			buildConfigurationList = 735048E91DD5003500AF2320 /* Build configuration list for PBXProject "Meetup" */;
			compatibilityVersion = "Xcode 3.2";
			developmentRegion = English;
			hasScannedForEncodings = 0;
			knownRegions = (
				en,
				Base,
			);
			mainGroup = 735048E51DD5003500AF2320;
			productRefGroup = 735048EF1DD5003500AF2320 /* Products */;
			projectDirPath = "";
			projectRoot = "";
			targets = (
				735048ED1DD5003500AF2320 /* Meetup */,
				737F1C2A1F16B7F20043873B /* MeetupServiceExtension */,
				7354FEB9201FB57600FC3BE9 /* MeetupTests */,
			);
		};
/* End PBXProject section */

/* Begin PBXResourcesBuildPhase section */
		735048EC1DD5003500AF2320 /* Resources */ = {
			isa = PBXResourcesBuildPhase;
			buildActionMask = 2147483647;
			files = (
				7314022E201150B500C3F89A /* teams_config.json in Resources */,
				7314022C2011383700C3F89A /* teams.json in Resources */,
				730238CA201BEF0F00FDE671 /* PlayerProfileViewController.xib in Resources */,
				735048FC1DD5003500AF2320 /* LaunchScreen.storyboard in Resources */,
				735048F91DD5003500AF2320 /* Assets.xcassets in Resources */,
				73B826AA1F7C03560039973D /* ARKit.storyboard in Resources */,
				73B826BB1F7C068A0039973D /* art.scnassets in Resources */,
				7346125420042D2700212FC0 /* players.json in Resources */,
				735048F71DD5003500AF2320 /* Main.storyboard in Resources */,
				733AEE0820D33C66007DFFE0 /* 201142_profile.json in Resources */,
				734299121F3378440094AC20 /* YelpTableViewCell.xib in Resources */,
				73B17C601F43501A003FAEFF /* GoogleService-Info.plist in Resources */,
			);
			runOnlyForDeploymentPostprocessing = 0;
		};
		7354FEB8201FB57600FC3BE9 /* Resources */ = {
			isa = PBXResourcesBuildPhase;
			buildActionMask = 2147483647;
			files = (
			);
			runOnlyForDeploymentPostprocessing = 0;
		};
		737F1C291F16B7F20043873B /* Resources */ = {
			isa = PBXResourcesBuildPhase;
			buildActionMask = 2147483647;
			files = (
			);
			runOnlyForDeploymentPostprocessing = 0;
		};
/* End PBXResourcesBuildPhase section */

/* Begin PBXShellScriptBuildPhase section */
		1AF9E1CD9B5898E54A8FF0C6 /* [CP] Check Pods Manifest.lock */ = {
			isa = PBXShellScriptBuildPhase;
			buildActionMask = 2147483647;
			files = (
			);
			inputPaths = (
				"${PODS_PODFILE_DIR_PATH}/Podfile.lock",
				"${PODS_ROOT}/Manifest.lock",
			);
			name = "[CP] Check Pods Manifest.lock";
			outputPaths = (
				"$(DERIVED_FILE_DIR)/Pods-MeetupTests-checkManifestLockResult.txt",
			);
			runOnlyForDeploymentPostprocessing = 0;
			shellPath = /bin/sh;
			shellScript = "diff \"${PODS_PODFILE_DIR_PATH}/Podfile.lock\" \"${PODS_ROOT}/Manifest.lock\" > /dev/null\nif [ $? != 0 ] ; then\n    # print error to STDERR\n    echo \"error: The sandbox is not in sync with the Podfile.lock. Run 'pod install' or update your CocoaPods installation.\" >&2\n    exit 1\nfi\n# This output is used by Xcode 'outputs' to avoid re-running this script phase.\necho \"SUCCESS\" > \"${SCRIPT_OUTPUT_FILE_0}\"\n";
			showEnvVarsInLog = 0;
		};
		3ABA2119DE08D4B75E16E623 /* [CP] Embed Pods Frameworks */ = {
			isa = PBXShellScriptBuildPhase;
			buildActionMask = 2147483647;
			files = (
			);
			inputPaths = (
				"${SRCROOT}/Pods/Target Support Files/Pods-Meetup/Pods-Meetup-frameworks.sh",
				"${BUILT_PRODUCTS_DIR}/Alamofire/Alamofire.framework",
				"${BUILT_PRODUCTS_DIR}/GTMSessionFetcher/GTMSessionFetcher.framework",
				"${BUILT_PRODUCTS_DIR}/GoogleToolboxForMac-f0850809/GoogleToolboxForMac.framework",
				"${BUILT_PRODUCTS_DIR}/Kingfisher/Kingfisher.framework",
				"${BUILT_PRODUCTS_DIR}/LifetimeTracker/LifetimeTracker.framework",
				"${BUILT_PRODUCTS_DIR}/SDWebImage/SDWebImage.framework",
				"${BUILT_PRODUCTS_DIR}/SideMenu/SideMenu.framework",
				"${BUILT_PRODUCTS_DIR}/SwiftyJSON/SwiftyJSON.framework",
				"${BUILT_PRODUCTS_DIR}/leveldb-library/leveldb.framework",
				"${BUILT_PRODUCTS_DIR}/nanopb/nanopb.framework",
			);
			name = "[CP] Embed Pods Frameworks";
			outputPaths = (
				"${TARGET_BUILD_DIR}/${FRAMEWORKS_FOLDER_PATH}/Alamofire.framework",
				"${TARGET_BUILD_DIR}/${FRAMEWORKS_FOLDER_PATH}/GTMSessionFetcher.framework",
				"${TARGET_BUILD_DIR}/${FRAMEWORKS_FOLDER_PATH}/GoogleToolboxForMac.framework",
				"${TARGET_BUILD_DIR}/${FRAMEWORKS_FOLDER_PATH}/Kingfisher.framework",
				"${TARGET_BUILD_DIR}/${FRAMEWORKS_FOLDER_PATH}/LifetimeTracker.framework",
				"${TARGET_BUILD_DIR}/${FRAMEWORKS_FOLDER_PATH}/SDWebImage.framework",
				"${TARGET_BUILD_DIR}/${FRAMEWORKS_FOLDER_PATH}/SideMenu.framework",
				"${TARGET_BUILD_DIR}/${FRAMEWORKS_FOLDER_PATH}/SwiftyJSON.framework",
				"${TARGET_BUILD_DIR}/${FRAMEWORKS_FOLDER_PATH}/leveldb.framework",
				"${TARGET_BUILD_DIR}/${FRAMEWORKS_FOLDER_PATH}/nanopb.framework",
			);
			runOnlyForDeploymentPostprocessing = 0;
			shellPath = /bin/sh;
			shellScript = "\"${SRCROOT}/Pods/Target Support Files/Pods-Meetup/Pods-Meetup-frameworks.sh\"\n";
			showEnvVarsInLog = 0;
		};
		54269978F746382FBBF2735D /* [CP] Check Pods Manifest.lock */ = {
			isa = PBXShellScriptBuildPhase;
			buildActionMask = 2147483647;
			files = (
			);
			inputPaths = (
				"${PODS_PODFILE_DIR_PATH}/Podfile.lock",
				"${PODS_ROOT}/Manifest.lock",
			);
			name = "[CP] Check Pods Manifest.lock";
			outputPaths = (
				"$(DERIVED_FILE_DIR)/Pods-MeetupServiceExtension-checkManifestLockResult.txt",
			);
			runOnlyForDeploymentPostprocessing = 0;
			shellPath = /bin/sh;
			shellScript = "diff \"${PODS_PODFILE_DIR_PATH}/Podfile.lock\" \"${PODS_ROOT}/Manifest.lock\" > /dev/null\nif [ $? != 0 ] ; then\n    # print error to STDERR\n    echo \"error: The sandbox is not in sync with the Podfile.lock. Run 'pod install' or update your CocoaPods installation.\" >&2\n    exit 1\nfi\n# This output is used by Xcode 'outputs' to avoid re-running this script phase.\necho \"SUCCESS\" > \"${SCRIPT_OUTPUT_FILE_0}\"\n";
			showEnvVarsInLog = 0;
		};
		668A81F2B5CA11EB63ED3852 /* [CP] Check Pods Manifest.lock */ = {
			isa = PBXShellScriptBuildPhase;
			buildActionMask = 2147483647;
			files = (
			);
			inputPaths = (
				"${PODS_PODFILE_DIR_PATH}/Podfile.lock",
				"${PODS_ROOT}/Manifest.lock",
			);
			name = "[CP] Check Pods Manifest.lock";
			outputPaths = (
				"$(DERIVED_FILE_DIR)/Pods-Meetup-checkManifestLockResult.txt",
			);
			runOnlyForDeploymentPostprocessing = 0;
			shellPath = /bin/sh;
			shellScript = "diff \"${PODS_PODFILE_DIR_PATH}/Podfile.lock\" \"${PODS_ROOT}/Manifest.lock\" > /dev/null\nif [ $? != 0 ] ; then\n    # print error to STDERR\n    echo \"error: The sandbox is not in sync with the Podfile.lock. Run 'pod install' or update your CocoaPods installation.\" >&2\n    exit 1\nfi\n# This output is used by Xcode 'outputs' to avoid re-running this script phase.\necho \"SUCCESS\" > \"${SCRIPT_OUTPUT_FILE_0}\"\n";
			showEnvVarsInLog = 0;
		};
		7950073CCF9A22BB5DFF4B41 /* [CP] Embed Pods Frameworks */ = {
			isa = PBXShellScriptBuildPhase;
			buildActionMask = 2147483647;
			files = (
			);
			inputPaths = (
				"${SRCROOT}/Pods/Target Support Files/Pods-MeetupTests/Pods-MeetupTests-frameworks.sh",
				"${BUILT_PRODUCTS_DIR}/GoogleToolboxForMac-Defines-NSData+zlib/GoogleToolboxForMac.framework",
				"${BUILT_PRODUCTS_DIR}/nanopb/nanopb.framework",
			);
			name = "[CP] Embed Pods Frameworks";
			outputPaths = (
				"${TARGET_BUILD_DIR}/${FRAMEWORKS_FOLDER_PATH}/GoogleToolboxForMac.framework",
				"${TARGET_BUILD_DIR}/${FRAMEWORKS_FOLDER_PATH}/nanopb.framework",
			);
			runOnlyForDeploymentPostprocessing = 0;
			shellPath = /bin/sh;
			shellScript = "\"${SRCROOT}/Pods/Target Support Files/Pods-MeetupTests/Pods-MeetupTests-frameworks.sh\"\n";
			showEnvVarsInLog = 0;
		};
		822B97546745E4352FE83833 /* [CP] Copy Pods Resources */ = {
			isa = PBXShellScriptBuildPhase;
			buildActionMask = 2147483647;
			files = (
			);
			inputPaths = (
			);
			name = "[CP] Copy Pods Resources";
			outputPaths = (
			);
			runOnlyForDeploymentPostprocessing = 0;
			shellPath = /bin/sh;
			shellScript = "\"${SRCROOT}/Pods/Target Support Files/Pods-MeetupServiceExtension/Pods-MeetupServiceExtension-resources.sh\"\n";
			showEnvVarsInLog = 0;
		};
		BD9B6802C1794EBF7244EF88 /* [CP] Copy Pods Resources */ = {
			isa = PBXShellScriptBuildPhase;
			buildActionMask = 2147483647;
			files = (
			);
			inputPaths = (
			);
			name = "[CP] Copy Pods Resources";
			outputPaths = (
			);
			runOnlyForDeploymentPostprocessing = 0;
			shellPath = /bin/sh;
			shellScript = "\"${SRCROOT}/Pods/Target Support Files/Pods-MeetupTests/Pods-MeetupTests-resources.sh\"\n";
			showEnvVarsInLog = 0;
		};
		C8934A57CB758E354D0C724F /* [CP] Copy Pods Resources */ = {
			isa = PBXShellScriptBuildPhase;
			buildActionMask = 2147483647;
			files = (
			);
			inputPaths = (
			);
			name = "[CP] Copy Pods Resources";
			outputPaths = (
			);
			runOnlyForDeploymentPostprocessing = 0;
			shellPath = /bin/sh;
			shellScript = "\"${SRCROOT}/Pods/Target Support Files/Pods-Meetup/Pods-Meetup-resources.sh\"\n";
			showEnvVarsInLog = 0;
		};
/* End PBXShellScriptBuildPhase section */

/* Begin PBXSourcesBuildPhase section */
		735048EA1DD5003500AF2320 /* Sources */ = {
			isa = PBXSourcesBuildPhase;
			buildActionMask = 2147483647;
			files = (
				73848B351F4353DB003300F6 /* LoginViewController.swift in Sources */,
				73B1C8B41F4F3EAD00A9D7B7 /* ChatUsersTableViewController.swift in Sources */,
				73EB70F01FBDFFAF000AEB1A /* WarriorsTableViewController.swift in Sources */,
				73CAF6C71DDD40360065DA36 /* PulleyPassthroughScrollView.swift in Sources */,
				737C3BAC20D2EC0800C7D7E4 /* NBAPlayersFeed.swift in Sources */,
				73F2FB511DDD65DE00E6DC22 /* MapViewController.swift in Sources */,
				73848B371F438949003300F6 /* Shakeable.swift in Sources */,
				7367B5891F8446AC00B0EF7B /* UserLocation.swift in Sources */,
				73CAF6C91DDD41380065DA36 /* DrawerContentViewController.swift in Sources */,
				7378A7E01DDE49420023243C /* MeetupDetailViewController.swift in Sources */,
				73492AC01F2BBAEB004C9C31 /* SideMenuViewController.swift in Sources */,
				730238C8201BED1200FDE671 /* PlayerProfileViewController.swift in Sources */,
				73EB70F41FBE2C59000AEB1A /* CollapsibleTableViewHeader.swift in Sources */,
				73A79A881F4CB87C0095D11E /* ChatLogViewController.swift in Sources */,
				735048F21DD5003500AF2320 /* AppDelegate.swift in Sources */,
				737C3BA820D2E5D100C7D7E4 /* NBAMock.swift in Sources */,
				733AEE0A20D33D24007DFFE0 /* NBAPlayerProfile.swift in Sources */,
				73B1C8B21F4F388800A9D7B7 /* ChatMessage.swift in Sources */,
				735049041DD65E1700AF2320 /* MeetupClient.swift in Sources */,
				73B826AD1F7C04310039973D /* ARKitViewController.swift in Sources */,
				73848B391F4396EC003300F6 /* MessagesTableViewController.swift in Sources */,
				734C26301F44CD90000EB09B /* ChatUserCell.swift in Sources */,
				735049071DD663C100AF2320 /* Meetup.swift in Sources */,
				73F2FB4D1DDD605200E6DC22 /* Extensions.swift in Sources */,
				737C3BAA20D2EA0000C7D7E4 /* NBATeamsFeed.swift in Sources */,
				737C3BAE20D2EC2500C7D7E4 /* NBATeamsConfigFeed.swift in Sources */,
				73ECD6C01F2BE97200BD1639 /* YelpViewController.swift in Sources */,
				730460B21DDBBDD300CBA259 /* CustomAnnotation.swift in Sources */,
				73CAF6C01DDC44D00065DA36 /* CommentsViewController.swift in Sources */,
				737C3BB020D3065F00C7D7E4 /* NBADataAPI.swift in Sources */,
				7347D47F1F54C644005CF78E /* ChatMessageCell.swift in Sources */,
				73CAF6C61DDD40360065DA36 /* PulleyViewController.swift in Sources */,
				733AEE0520D31DFB007DFFE0 /* NBADataManager.swift in Sources */,
				73492AC21F2BD38D004C9C31 /* YelpClient.swift in Sources */,
				73EB70F21FBE1CF6000AEB1A /* NBAFranchise.swift in Sources */,
				73492AC41F2BDA60004C9C31 /* YelpBusiness.swift in Sources */,
				73A4D4961F34F58200127A51 /* YelpRatingControl.swift in Sources */,
				734299111F3378440094AC20 /* YelpTableViewCell.swift in Sources */,
				734C262E1F44C8EC000EB09B /* ChatUser.swift in Sources */,
			);
			runOnlyForDeploymentPostprocessing = 0;
		};
		7354FEB6201FB57600FC3BE9 /* Sources */ = {
			isa = PBXSourcesBuildPhase;
			buildActionMask = 2147483647;
			files = (
				73B66B0D201FC3C3009BAB43 /* WarriorsTableViewControllerTests.swift in Sources */,
			);
			runOnlyForDeploymentPostprocessing = 0;
		};
		737F1C271F16B7F20043873B /* Sources */ = {
			isa = PBXSourcesBuildPhase;
			buildActionMask = 2147483647;
			files = (
				737F1C2E1F16B7F20043873B /* NotificationService.swift in Sources */,
			);
			runOnlyForDeploymentPostprocessing = 0;
		};
/* End PBXSourcesBuildPhase section */

/* Begin PBXTargetDependency section */
		7354FEC0201FB57600FC3BE9 /* PBXTargetDependency */ = {
			isa = PBXTargetDependency;
			target = 735048ED1DD5003500AF2320 /* Meetup */;
			targetProxy = 7354FEBF201FB57600FC3BE9 /* PBXContainerItemProxy */;
		};
		737F1C311F16B7F20043873B /* PBXTargetDependency */ = {
			isa = PBXTargetDependency;
			target = 737F1C2A1F16B7F20043873B /* MeetupServiceExtension */;
			targetProxy = 737F1C301F16B7F20043873B /* PBXContainerItemProxy */;
		};
/* End PBXTargetDependency section */

/* Begin PBXVariantGroup section */
		735048F51DD5003500AF2320 /* Main.storyboard */ = {
			isa = PBXVariantGroup;
			children = (
				735048F61DD5003500AF2320 /* Base */,
			);
			name = Main.storyboard;
			sourceTree = "<group>";
		};
		735048FA1DD5003500AF2320 /* LaunchScreen.storyboard */ = {
			isa = PBXVariantGroup;
			children = (
				735048FB1DD5003500AF2320 /* Base */,
			);
			name = LaunchScreen.storyboard;
			sourceTree = "<group>";
		};
/* End PBXVariantGroup section */

/* Begin XCBuildConfiguration section */
		735048FE1DD5003500AF2320 /* Debug */ = {
			isa = XCBuildConfiguration;
			buildSettings = {
				ALWAYS_SEARCH_USER_PATHS = NO;
				CLANG_ANALYZER_NONNULL = YES;
				CLANG_CXX_LANGUAGE_STANDARD = "gnu++0x";
				CLANG_CXX_LIBRARY = "libc++";
				CLANG_ENABLE_MODULES = YES;
				CLANG_ENABLE_OBJC_ARC = YES;
				CLANG_WARN_BOOL_CONVERSION = YES;
				CLANG_WARN_CONSTANT_CONVERSION = YES;
				CLANG_WARN_DIRECT_OBJC_ISA_USAGE = YES_ERROR;
				CLANG_WARN_DOCUMENTATION_COMMENTS = YES;
				CLANG_WARN_EMPTY_BODY = YES;
				CLANG_WARN_ENUM_CONVERSION = YES;
				CLANG_WARN_INFINITE_RECURSION = YES;
				CLANG_WARN_INT_CONVERSION = YES;
				CLANG_WARN_OBJC_ROOT_CLASS = YES_ERROR;
				CLANG_WARN_SUSPICIOUS_MOVES = YES;
				CLANG_WARN_UNREACHABLE_CODE = YES;
				CLANG_WARN__DUPLICATE_METHOD_MATCH = YES;
				"CODE_SIGN_IDENTITY[sdk=iphoneos*]" = "iPhone Developer";
				COPY_PHASE_STRIP = NO;
				DEBUG_INFORMATION_FORMAT = dwarf;
				ENABLE_STRICT_OBJC_MSGSEND = YES;
				ENABLE_TESTABILITY = YES;
				GCC_C_LANGUAGE_STANDARD = gnu99;
				GCC_DYNAMIC_NO_PIC = NO;
				GCC_NO_COMMON_BLOCKS = YES;
				GCC_OPTIMIZATION_LEVEL = 0;
				GCC_PREPROCESSOR_DEFINITIONS = (
					"DEBUG=1",
					"$(inherited)",
				);
				GCC_WARN_64_TO_32_BIT_CONVERSION = YES;
				GCC_WARN_ABOUT_RETURN_TYPE = YES_ERROR;
				GCC_WARN_UNDECLARED_SELECTOR = YES;
				GCC_WARN_UNINITIALIZED_AUTOS = YES_AGGRESSIVE;
				GCC_WARN_UNUSED_FUNCTION = YES;
				GCC_WARN_UNUSED_VARIABLE = YES;
				IPHONEOS_DEPLOYMENT_TARGET = 10.0;
				MTL_ENABLE_DEBUG_INFO = YES;
				ONLY_ACTIVE_ARCH = YES;
				SDKROOT = iphoneos;
				SWIFT_ACTIVE_COMPILATION_CONDITIONS = DEBUG;
				SWIFT_OPTIMIZATION_LEVEL = "-Onone";
			};
			name = Debug;
		};
		735048FF1DD5003500AF2320 /* Release */ = {
			isa = XCBuildConfiguration;
			buildSettings = {
				ALWAYS_SEARCH_USER_PATHS = NO;
				CLANG_ANALYZER_NONNULL = YES;
				CLANG_CXX_LANGUAGE_STANDARD = "gnu++0x";
				CLANG_CXX_LIBRARY = "libc++";
				CLANG_ENABLE_MODULES = YES;
				CLANG_ENABLE_OBJC_ARC = YES;
				CLANG_WARN_BOOL_CONVERSION = YES;
				CLANG_WARN_CONSTANT_CONVERSION = YES;
				CLANG_WARN_DIRECT_OBJC_ISA_USAGE = YES_ERROR;
				CLANG_WARN_DOCUMENTATION_COMMENTS = YES;
				CLANG_WARN_EMPTY_BODY = YES;
				CLANG_WARN_ENUM_CONVERSION = YES;
				CLANG_WARN_INFINITE_RECURSION = YES;
				CLANG_WARN_INT_CONVERSION = YES;
				CLANG_WARN_OBJC_ROOT_CLASS = YES_ERROR;
				CLANG_WARN_SUSPICIOUS_MOVES = YES;
				CLANG_WARN_UNREACHABLE_CODE = YES;
				CLANG_WARN__DUPLICATE_METHOD_MATCH = YES;
				"CODE_SIGN_IDENTITY[sdk=iphoneos*]" = "iPhone Developer";
				COPY_PHASE_STRIP = NO;
				DEBUG_INFORMATION_FORMAT = "dwarf-with-dsym";
				ENABLE_NS_ASSERTIONS = NO;
				ENABLE_STRICT_OBJC_MSGSEND = YES;
				GCC_C_LANGUAGE_STANDARD = gnu99;
				GCC_NO_COMMON_BLOCKS = YES;
				GCC_WARN_64_TO_32_BIT_CONVERSION = YES;
				GCC_WARN_ABOUT_RETURN_TYPE = YES_ERROR;
				GCC_WARN_UNDECLARED_SELECTOR = YES;
				GCC_WARN_UNINITIALIZED_AUTOS = YES_AGGRESSIVE;
				GCC_WARN_UNUSED_FUNCTION = YES;
				GCC_WARN_UNUSED_VARIABLE = YES;
				IPHONEOS_DEPLOYMENT_TARGET = 10.0;
				MTL_ENABLE_DEBUG_INFO = NO;
				SDKROOT = iphoneos;
				SWIFT_OPTIMIZATION_LEVEL = "-Owholemodule";
				VALIDATE_PRODUCT = YES;
			};
			name = Release;
		};
		735049011DD5003500AF2320 /* Debug */ = {
			isa = XCBuildConfiguration;
			baseConfigurationReference = 4CCE95F6099AADB596FE0E55 /* Pods-Meetup.debug.xcconfig */;
			buildSettings = {
				ALWAYS_EMBED_SWIFT_STANDARD_LIBRARIES = YES;
				ASSETCATALOG_COMPILER_APPICON_NAME = AppIcon;
				CODE_SIGN_ENTITLEMENTS = Meetup/Meetup.entitlements;
				"CODE_SIGN_IDENTITY[sdk=iphoneos*]" = "iPhone Developer";
				DEVELOPMENT_TEAM = 84CK77G588;
				GCC_PRECOMPILE_PREFIX_HEADER = NO;
				HEADER_SEARCH_PATHS = (
					"$(inherited)",
					"${PODS_ROOT}/Firebase/Core/Sources",
					"$(inherited)",
					"\"${PODS_ROOT}/Headers/Public\"",
					"\"${PODS_ROOT}/Headers/Public/Firebase\"",
					"\"${PODS_ROOT}/Headers/Public/FirebaseAnalytics\"",
					"\"${PODS_ROOT}/Headers/Public/FirebaseAuth\"",
					"\"${PODS_ROOT}/Headers/Public/FirebaseCore\"",
					"\"${PODS_ROOT}/Headers/Public/FirebaseDatabase\"",
					"\"${PODS_ROOT}/Headers/Public/FirebaseInstanceID\"",
					"\"${PODS_ROOT}/Headers/Public/FirebaseStorage\"",
					"\"${PODS_ROOT}/Headers/Public/OneSignal\"",
				);
				INFOPLIST_FILE = Meetup/Info.plist;
				IPHONEOS_DEPLOYMENT_TARGET = 10.0;
				LD_RUNPATH_SEARCH_PATHS = "$(inherited) @executable_path/Frameworks";
				PRODUCT_BUNDLE_IDENTIFIER = com.phunware.kmeetup;
				PRODUCT_NAME = "$(TARGET_NAME)";
				PROVISIONING_PROFILE_SPECIFIER = "";
				SWIFT_OBJC_BRIDGING_HEADER = "$(PROJECT_DIR)/$(PROJECT_NAME)/$(PROJECT_NAME)-Bridging-Header.h";
				SWIFT_VERSION = 3.0;
				USER_HEADER_SEARCH_PATHS = "${PODS_ROOT}/**";
			};
			name = Debug;
		};
		735049021DD5003500AF2320 /* Release */ = {
			isa = XCBuildConfiguration;
			baseConfigurationReference = D94F1F72DA2CF276AF8B3635 /* Pods-Meetup.release.xcconfig */;
			buildSettings = {
				ALWAYS_EMBED_SWIFT_STANDARD_LIBRARIES = YES;
				ASSETCATALOG_COMPILER_APPICON_NAME = AppIcon;
				CODE_SIGN_ENTITLEMENTS = Meetup/Meetup.entitlements;
				"CODE_SIGN_IDENTITY[sdk=iphoneos*]" = "iPhone Developer";
				DEVELOPMENT_TEAM = 84CK77G588;
				GCC_PRECOMPILE_PREFIX_HEADER = NO;
				HEADER_SEARCH_PATHS = (
					"$(inherited)",
					"${PODS_ROOT}/Firebase/Core/Sources",
					"$(inherited)",
					"\"${PODS_ROOT}/Headers/Public\"",
					"\"${PODS_ROOT}/Headers/Public/Firebase\"",
					"\"${PODS_ROOT}/Headers/Public/FirebaseAnalytics\"",
					"\"${PODS_ROOT}/Headers/Public/FirebaseAuth\"",
					"\"${PODS_ROOT}/Headers/Public/FirebaseCore\"",
					"\"${PODS_ROOT}/Headers/Public/FirebaseDatabase\"",
					"\"${PODS_ROOT}/Headers/Public/FirebaseInstanceID\"",
					"\"${PODS_ROOT}/Headers/Public/FirebaseStorage\"",
					"\"${PODS_ROOT}/Headers/Public/OneSignal\"",
				);
				INFOPLIST_FILE = Meetup/Info.plist;
				IPHONEOS_DEPLOYMENT_TARGET = 10.0;
				LD_RUNPATH_SEARCH_PATHS = "$(inherited) @executable_path/Frameworks";
				PRODUCT_BUNDLE_IDENTIFIER = com.phunware.kmeetup;
				PRODUCT_NAME = "$(TARGET_NAME)";
				PROVISIONING_PROFILE_SPECIFIER = "";
				SWIFT_OBJC_BRIDGING_HEADER = "$(PROJECT_DIR)/$(PROJECT_NAME)/$(PROJECT_NAME)-Bridging-Header.h";
				SWIFT_VERSION = 3.0;
				USER_HEADER_SEARCH_PATHS = "${PODS_ROOT}/**";
			};
			name = Release;
		};
		7354FEC1201FB57600FC3BE9 /* Debug */ = {
			isa = XCBuildConfiguration;
			baseConfigurationReference = CE7731CBBEF9F108659B7C50 /* Pods-MeetupTests.debug.xcconfig */;
			buildSettings = {
				BUNDLE_LOADER = "$(TEST_HOST)";
				CLANG_ANALYZER_NUMBER_OBJECT_CONVERSION = YES_AGGRESSIVE;
				CLANG_CXX_LANGUAGE_STANDARD = "gnu++14";
				CLANG_ENABLE_MODULES = YES;
				CLANG_WARN_BLOCK_CAPTURE_AUTORELEASING = YES;
				CLANG_WARN_COMMA = YES;
				CLANG_WARN_NON_LITERAL_NULL_CONVERSION = YES;
				CLANG_WARN_OBJC_LITERAL_CONVERSION = YES;
				CLANG_WARN_RANGE_LOOP_ANALYSIS = YES;
				CLANG_WARN_STRICT_PROTOTYPES = YES;
				CLANG_WARN_SUSPICIOUS_MOVE = YES;
				CLANG_WARN_UNGUARDED_AVAILABILITY = YES_AGGRESSIVE;
				CODE_SIGN_IDENTITY = "iPhone Developer";
				CODE_SIGN_STYLE = Automatic;
				DEVELOPMENT_TEAM = 899V2XU7M8;
				GCC_C_LANGUAGE_STANDARD = gnu11;
				INFOPLIST_FILE = MeetupTests/Info.plist;
				IPHONEOS_DEPLOYMENT_TARGET = 11.2;
				LD_RUNPATH_SEARCH_PATHS = "$(inherited) @executable_path/Frameworks @loader_path/Frameworks";
				PRODUCT_BUNDLE_IDENTIFIER = com.phunware.MeetupTests;
				PRODUCT_NAME = "$(TARGET_NAME)";
				SWIFT_OBJC_BRIDGING_HEADER = "MeetupTests/MeetupTests-Bridging-Header.h";
				SWIFT_OPTIMIZATION_LEVEL = "-Onone";
				SWIFT_VERSION = 4.0;
				TARGETED_DEVICE_FAMILY = "1,2";
				TEST_HOST = "$(BUILT_PRODUCTS_DIR)/Meetup.app/Meetup";
			};
			name = Debug;
		};
		7354FEC2201FB57600FC3BE9 /* Release */ = {
			isa = XCBuildConfiguration;
			baseConfigurationReference = 74716515D0B5D975E824851B /* Pods-MeetupTests.release.xcconfig */;
			buildSettings = {
				BUNDLE_LOADER = "$(TEST_HOST)";
				CLANG_ANALYZER_NUMBER_OBJECT_CONVERSION = YES_AGGRESSIVE;
				CLANG_CXX_LANGUAGE_STANDARD = "gnu++14";
				CLANG_ENABLE_MODULES = YES;
				CLANG_WARN_BLOCK_CAPTURE_AUTORELEASING = YES;
				CLANG_WARN_COMMA = YES;
				CLANG_WARN_NON_LITERAL_NULL_CONVERSION = YES;
				CLANG_WARN_OBJC_LITERAL_CONVERSION = YES;
				CLANG_WARN_RANGE_LOOP_ANALYSIS = YES;
				CLANG_WARN_STRICT_PROTOTYPES = YES;
				CLANG_WARN_SUSPICIOUS_MOVE = YES;
				CLANG_WARN_UNGUARDED_AVAILABILITY = YES_AGGRESSIVE;
				CODE_SIGN_IDENTITY = "iPhone Developer";
				CODE_SIGN_STYLE = Automatic;
				DEVELOPMENT_TEAM = 899V2XU7M8;
				GCC_C_LANGUAGE_STANDARD = gnu11;
				INFOPLIST_FILE = MeetupTests/Info.plist;
				IPHONEOS_DEPLOYMENT_TARGET = 11.2;
				LD_RUNPATH_SEARCH_PATHS = "$(inherited) @executable_path/Frameworks @loader_path/Frameworks";
				PRODUCT_BUNDLE_IDENTIFIER = com.phunware.MeetupTests;
				PRODUCT_NAME = "$(TARGET_NAME)";
				SWIFT_OBJC_BRIDGING_HEADER = "MeetupTests/MeetupTests-Bridging-Header.h";
				SWIFT_VERSION = 4.0;
				TARGETED_DEVICE_FAMILY = "1,2";
				TEST_HOST = "$(BUILT_PRODUCTS_DIR)/Meetup.app/Meetup";
			};
			name = Release;
		};
		737F1C341F16B7F20043873B /* Debug */ = {
			isa = XCBuildConfiguration;
			baseConfigurationReference = 2749F28D77EBBBFB5ADF446F /* Pods-MeetupServiceExtension.debug.xcconfig */;
			buildSettings = {
				CLANG_ANALYZER_NUMBER_OBJECT_CONVERSION = YES_AGGRESSIVE;
				CLANG_WARN_SUSPICIOUS_MOVE = YES;
				DEVELOPMENT_TEAM = 84CK77G588;
				INFOPLIST_FILE = MeetupServiceExtension/Info.plist;
				IPHONEOS_DEPLOYMENT_TARGET = 10.3;
				LD_RUNPATH_SEARCH_PATHS = "$(inherited) @executable_path/Frameworks @executable_path/../../Frameworks";
				PRODUCT_BUNDLE_IDENTIFIER = com.phunware.kmeetup.MeetupServiceExtension;
				PRODUCT_NAME = "$(TARGET_NAME)";
				SKIP_INSTALL = YES;
				SWIFT_VERSION = 3.0;
			};
			name = Debug;
		};
		737F1C351F16B7F20043873B /* Release */ = {
			isa = XCBuildConfiguration;
			baseConfigurationReference = B03725CA0DD01ADBA7A5BB13 /* Pods-MeetupServiceExtension.release.xcconfig */;
			buildSettings = {
				CLANG_ANALYZER_NUMBER_OBJECT_CONVERSION = YES_AGGRESSIVE;
				CLANG_WARN_SUSPICIOUS_MOVE = YES;
				DEVELOPMENT_TEAM = 84CK77G588;
				INFOPLIST_FILE = MeetupServiceExtension/Info.plist;
				IPHONEOS_DEPLOYMENT_TARGET = 10.3;
				LD_RUNPATH_SEARCH_PATHS = "$(inherited) @executable_path/Frameworks @executable_path/../../Frameworks";
				PRODUCT_BUNDLE_IDENTIFIER = com.phunware.kmeetup.MeetupServiceExtension;
				PRODUCT_NAME = "$(TARGET_NAME)";
				SKIP_INSTALL = YES;
				SWIFT_VERSION = 3.0;
			};
			name = Release;
		};
/* End XCBuildConfiguration section */

/* Begin XCConfigurationList section */
		735048E91DD5003500AF2320 /* Build configuration list for PBXProject "Meetup" */ = {
			isa = XCConfigurationList;
			buildConfigurations = (
				735048FE1DD5003500AF2320 /* Debug */,
				735048FF1DD5003500AF2320 /* Release */,
			);
			defaultConfigurationIsVisible = 0;
			defaultConfigurationName = Release;
		};
		735049001DD5003500AF2320 /* Build configuration list for PBXNativeTarget "Meetup" */ = {
			isa = XCConfigurationList;
			buildConfigurations = (
				735049011DD5003500AF2320 /* Debug */,
				735049021DD5003500AF2320 /* Release */,
			);
			defaultConfigurationIsVisible = 0;
			defaultConfigurationName = Release;
		};
		7354FEC3201FB57600FC3BE9 /* Build configuration list for PBXNativeTarget "MeetupTests" */ = {
			isa = XCConfigurationList;
			buildConfigurations = (
				7354FEC1201FB57600FC3BE9 /* Debug */,
				7354FEC2201FB57600FC3BE9 /* Release */,
			);
			defaultConfigurationIsVisible = 0;
			defaultConfigurationName = Release;
		};
		737F1C331F16B7F20043873B /* Build configuration list for PBXNativeTarget "MeetupServiceExtension" */ = {
			isa = XCConfigurationList;
			buildConfigurations = (
				737F1C341F16B7F20043873B /* Debug */,
				737F1C351F16B7F20043873B /* Release */,
			);
			defaultConfigurationIsVisible = 0;
			defaultConfigurationName = Release;
		};
/* End XCConfigurationList section */
	};
	rootObject = 735048E61DD5003500AF2320 /* Project object */;
}
